// !$*UTF8*$!
{
	archiveVersion = 1;
	classes = {
	};
	objectVersion = 46;
	objects = {

/* Begin PBXBuildFile section */
		BB783DC11E4DB4100079E764 /* main.c in Sources */ = {isa = PBXBuildFile; fileRef = BB783DC01E4DB4100079E764 /* main.c */; };
		BB783DC91E4DB4410079E764 /* KM_string.c in Sources */ = {isa = PBXBuildFile; fileRef = BB783DC81E4DB4410079E764 /* KM_string.c */; };
/* End PBXBuildFile section */

/* Begin PBXCopyFilesBuildPhase section */
		BB783DBB1E4DB4100079E764 /* CopyFiles */ = {
			isa = PBXCopyFilesBuildPhase;
			buildActionMask = 2147483647;
			dstPath = /usr/share/man/man1/;
			dstSubfolderSpec = 0;
			files = (
			);
			runOnlyForDeploymentPostprocessing = 1;
		};
/* End PBXCopyFilesBuildPhase section */

/* Begin PBXFileReference section */
		BB783DBD1E4DB4100079E764 /* KMString */ = {isa = PBXFileReference; explicitFileType = "compiled.mach-o.executable"; includeInIndex = 0; path = KMString; sourceTree = BUILT_PRODUCTS_DIR; };
		BB783DC01E4DB4100079E764 /* main.c */ = {isa = PBXFileReference; lastKnownFileType = sourcecode.c.c; path = main.c; sourceTree = "<group>"; };
		BB783DC71E4DB4280079E764 /* KM_string.h */ = {isa = PBXFileReference; lastKnownFileType = sourcecode.c.h; path = KM_string.h; sourceTree = "<group>"; };
		BB783DC81E4DB4410079E764 /* KM_string.c */ = {isa = PBXFileReference; fileEncoding = 4; lastKnownFileType = sourcecode.c.c; path = KM_string.c; sourceTree = "<group>"; };
/* End PBXFileReference section */

/* Begin PBXFrameworksBuildPhase section */
		BB783DBA1E4DB4100079E764 /* Frameworks */ = {
			isa = PBXFrameworksBuildPhase;
			buildActionMask = 2147483647;
			files = (
			);
			runOnlyForDeploymentPostprocessing = 0;
		};
/* End PBXFrameworksBuildPhase section */

/* Begin PBXGroup section */
		BB783DB41E4DB40F0079E764 = {
			isa = PBXGroup;
			children = (
				BB783DBF1E4DB4100079E764 /* KMString */,
				BB783DBE1E4DB4100079E764 /* Products */,
			);
			sourceTree = "<group>";
		};
		BB783DBE1E4DB4100079E764 /* Products */ = {
			isa = PBXGroup;
			children = (
				BB783DBD1E4DB4100079E764 /* KMString */,
			);
			name = Products;
			sourceTree = "<group>";
		};
		BB783DBF1E4DB4100079E764 /* KMString */ = {
			isa = PBXGroup;
			children = (
				BB783DC01E4DB4100079E764 /* main.c */,
				BB783DC71E4DB4280079E764 /* KM_string.h */,
				BB783DC81E4DB4410079E764 /* KM_string.c */,
			);
			path = KMString;
			sourceTree = "<group>";
		};
/* End PBXGroup section */

/* Begin PBXNativeTarget section */
		BB783DBC1E4DB4100079E764 /* KMString */ = {
			isa = PBXNativeTarget;
			buildConfigurationList = BB783DC41E4DB4100079E764 /* Build configuration list for PBXNativeTarget "KMString" */;
			buildPhases = (
				BB783DB91E4DB4100079E764 /* Sources */,
				BB783DBA1E4DB4100079E764 /* Frameworks */,
				BB783DBB1E4DB4100079E764 /* CopyFiles */,
			);
			buildRules = (
			);
			dependencies = (
			);
			name = KMString;
			productName = KMString;
			productReference = BB783DBD1E4DB4100079E764 /* KMString */;
			productType = "com.apple.product-type.tool";
		};
/* End PBXNativeTarget section */

/* Begin PBXProject section */
		BB783DB51E4DB40F0079E764 /* Project object */ = {
			isa = PBXProject;
			attributes = {
				LastUpgradeCheck = 0820;
				ORGANIZATIONNAME = "周祺华";
				TargetAttributes = {
					BB783DBC1E4DB4100079E764 = {
						CreatedOnToolsVersion = 8.2.1;
						DevelopmentTeam = 56TLPT28UB;
						ProvisioningStyle = Automatic;
					};
				};
			};
			buildConfigurationList = BB783DB81E4DB40F0079E764 /* Build configuration list for PBXProject "KMString" */;
			compatibilityVersion = "Xcode 3.2";
			developmentRegion = English;
			hasScannedForEncodings = 0;
			knownRegions = (
				en,
			);
			mainGroup = BB783DB41E4DB40F0079E764;
			productRefGroup = BB783DBE1E4DB4100079E764 /* Products */;
			projectDirPath = "";
			projectRoot = "";
			targets = (
				BB783DBC1E4DB4100079E764 /* KMString */,
			);
		};
/* End PBXProject section */

/* Begin PBXSourcesBuildPhase section */
		BB783DB91E4DB4100079E764 /* Sources */ = {
			isa = PBXSourcesBuildPhase;
			buildActionMask = 2147483647;
			files = (
				BB783DC91E4DB4410079E764 /* KM_string.c in Sources */,
				BB783DC11E4DB4100079E764 /* main.c in Sources */,
			);
			runOnlyForDeploymentPostprocessing = 0;
		};
/* End PBXSourcesBuildPhase section */

/* Begin XCBuildConfiguration section */
		BB783DC21E4DB4100079E764 /* Debug */ = {
			isa = XCBuildConfiguration;
			buildSettings = {
				ALWAYS_SEARCH_USER_PATHS = NO;
				CLANG_ANALYZER_NONNULL = YES;
				CLANG_CXX_LANGUAGE_STANDARD = "gnu++0x";
				CLANG_CXX_LIBRARY = "libc++";
				CLANG_ENABLE_MODULES = YES;
				CLANG_ENABLE_OBJC_ARC = YES;
				CLANG_WARN_BOOL_CONVERSION = YES;
				CLANG_WARN_CONSTANT_CONVERSION = YES;
				CLANG_WARN_DIRECT_OBJC_ISA_USAGE = YES_ERROR;
				CLANG_WARN_DOCUMENTATION_COMMENTS = YES;
				CLANG_WARN_EMPTY_BODY = YES;
				CLANG_WARN_ENUM_CONVERSION = YES;
				CLANG_WARN_INFINITE_RECURSION = YES;
				CLANG_WARN_INT_CONVERSION = YES;
				CLANG_WARN_OBJC_ROOT_CLASS = YES_ERROR;
				CLANG_WARN_SUSPICIOUS_MOVE = YES;
				CLANG_WARN_UNREACHABLE_CODE = YES;
				CLANG_WARN__DUPLICATE_METHOD_MATCH = YES;
				CODE_SIGN_IDENTITY = "-";
				COPY_PHASE_STRIP = NO;
				DEBUG_INFORMATION_FORMAT = dwarf;
				ENABLE_STRICT_OBJC_MSGSEND = YES;
				ENABLE_TESTABILITY = YES;
				GCC_C_LANGUAGE_STANDARD = gnu99;
				GCC_DYNAMIC_NO_PIC = NO;
				GCC_NO_COMMON_BLOCKS = YES;
				GCC_OPTIMIZATION_LEVEL = 0;
				GCC_PREPROCESSOR_DEFINITIONS = (
					"DEBUG=1",
					"$(inherited)",
				);
				GCC_WARN_64_TO_32_BIT_CONVERSION = YES;
				GCC_WARN_ABOUT_RETURN_TYPE = YES_ERROR;
				GCC_WARN_UNDECLARED_SELECTOR = YES;
				GCC_WARN_UNINITIALIZED_AUTOS = YES_AGGRESSIVE;
				GCC_WARN_UNUSED_FUNCTION = YES;
				GCC_WARN_UNUSED_VARIABLE = YES;
				MACOSX_DEPLOYMENT_TARGET = 10.12;
				MTL_ENABLE_DEBUG_INFO = YES;
				ONLY_ACTIVE_ARCH = YES;
				SDKROOT = macosx;
			};
			name = Debug;
		};
		BB783DC31E4DB4100079E764 /* Release */ = {
			isa = XCBuildConfiguration;
			buildSettings = {
				ALWAYS_SEARCH_USER_PATHS = NO;
				CLANG_ANALYZER_NONNULL = YES;
				CLANG_CXX_LANGUAGE_STANDARD = "gnu++0x";
				CLANG_CXX_LIBRARY = "libc++";
				CLANG_ENABLE_MODULES = YES;
				CLANG_ENABLE_OBJC_ARC = YES;
				CLANG_WARN_BOOL_CONVERSION = YES;
				CLANG_WARN_CONSTANT_CONVERSION = YES;
				CLANG_WARN_DIRECT_OBJC_ISA_USAGE = YES_ERROR;
				CLANG_WARN_DOCUMENTATION_COMMENTS = YES;
				CLANG_WARN_EMPTY_BODY = YES;
				CLANG_WARN_ENUM_CONVERSION = YES;
				CLANG_WARN_INFINITE_RECURSION = YES;
				CLANG_WARN_INT_CONVERSION = YES;
				CLANG_WARN_OBJC_ROOT_CLASS = YES_ERROR;
				CLANG_WARN_SUSPICIOUS_MOVE = YES;
				CLANG_WARN_UNREACHABLE_CODE = YES;
				CLANG_WARN__DUPLICATE_METHOD_MATCH = YES;
				CODE_SIGN_IDENTITY = "-";
				COPY_PHASE_STRIP = NO;
				DEBUG_INFORMATION_FORMAT = "dwarf-with-dsym";
				ENABLE_NS_ASSERTIONS = NO;
				ENABLE_STRICT_OBJC_MSGSEND = YES;
				GCC_C_LANGUAGE_STANDARD = gnu99;
				GCC_NO_COMMON_BLOCKS = YES;
				GCC_WARN_64_TO_32_BIT_CONVERSION = YES;
				GCC_WARN_ABOUT_RETURN_TYPE = YES_ERROR;
				GCC_WARN_UNDECLARED_SELECTOR = YES;
				GCC_WARN_UNINITIALIZED_AUTOS = YES_AGGRESSIVE;
				GCC_WARN_UNUSED_FUNCTION = YES;
				GCC_WARN_UNUSED_VARIABLE = YES;
				MACOSX_DEPLOYMENT_TARGET = 10.12;
				MTL_ENABLE_DEBUG_INFO = NO;
				SDKROOT = macosx;
			};
			name = Release;
		};
		BB783DC51E4DB4100079E764 /* Debug */ = {
			isa = XCBuildConfiguration;
			buildSettings = {
				DEVELOPMENT_TEAM = 56TLPT28UB;
				PRODUCT_NAME = "$(TARGET_NAME)";
			};
			name = Debug;
		};
		BB783DC61E4DB4100079E764 /* Release */ = {
			isa = XCBuildConfiguration;
			buildSettings = {
				DEVELOPMENT_TEAM = 56TLPT28UB;
				PRODUCT_NAME = "$(TARGET_NAME)";
			};
			name = Release;
		};
/* End XCBuildConfiguration section */

/* Begin XCConfigurationList section */
		BB783DB81E4DB40F0079E764 /* Build configuration list for PBXProject "KMString" */ = {
			isa = XCConfigurationList;
			buildConfigurations = (
				BB783DC21E4DB4100079E764 /* Debug */,
				BB783DC31E4DB4100079E764 /* Release */,
			);
			defaultConfigurationIsVisible = 0;
			defaultConfigurationName = Release;
		};
		BB783DC41E4DB4100079E764 /* Build configuration list for PBXNativeTarget "KMString" */ = {
			isa = XCConfigurationList;
			buildConfigurations = (
				BB783DC51E4DB4100079E764 /* Debug */,
				BB783DC61E4DB4100079E764 /* Release */,
			);
			defaultConfigurationIsVisible = 0;
		};
/* End XCConfigurationList section */
	};
	rootObject = BB783DB51E4DB40F0079E764 /* Project object */;
}
